
Microsoft Visual Studio Solution File, Format Version 12.00
# Visual Studio Version 17
VisualStudioVersion = 17.14.36310.24
MinimumVisualStudioVersion = 10.0.40219.1
Project("{FAE04EC0-301F-11D3-BF4B-00C04F79EFBC}") = "SiteScraper", "SiteScraper\SiteScraper.csproj", "{4D5CF052-F4B3-5628-E27A-0D7091C21E53}"
EndProject
Project("{FAE04EC0-301F-11D3-BF4B-00C04F79EFBC}") = "StealthWebScraper", "StealthWebScraper\StealthWebScraper.csproj", "{6D5D1A07-AB27-4035-BA9D-E0C85C37BA5D}"
EndProject
Project("{FAE04EC0-301F-11D3-BF4B-00C04F79EFBC}") = "SiteTransformers", "SiteTransformers\SiteTransformers.csproj", "{567C4265-FCF7-ACF2-27D2-888B2D12D003}"
EndProject
Project("{FAE04EC0-301F-11D3-BF4B-00C04F79EFBC}") = "DataLoader", "DataLoader\DataLoader.csproj", "{41BC6709-E335-1DE5-BACD-0DF58B4242B8}"
EndProject
Project("{FAE04EC0-301F-11D3-BF4B-00C04F79EFBC}") = "SiteScheduler", "SiteScheduler\SiteScheduler.csproj", "{80D24139-3CCF-FD47-F027-D1DEF5DC42FA}"
EndProject
Project("{FAE04EC0-301F-11D3-BF4B-00C04F79EFBC}") = "HtmlInvestigator.Console", "HtmlInvestigator.Console\HtmlInvestigator.Console.csproj", "{08FAB2FA-17D6-3854-C254-16FA962A7B79}"
EndProject
Project("{FAE04EC0-301F-11D3-BF4B-00C04F79EFBC}") = "ScrapingDataApi", "ScrapingDataApi\ScrapingDataApi.csproj", "{7D7E8A54-629F-F39A-A200-6489D7FEFF7C}"
EndProject
Project("{FAE04EC0-301F-11D3-BF4B-00C04F79EFBC}") = "Scraping.Statistics", "Scraping.Statistics\Scraping.Statistics.csproj", "{21255447-BAA7-438F-A99E-B2AC75436D9A}"
EndProject
Project("{FAE04EC0-301F-11D3-BF4B-00C04F79EFBC}") = "GraphQLClient", "GraphQLClient\GraphQLClient.csproj", "{1656B6E8-050A-4A26-BC27-B011EF0E3A8D}"
EndProject
Global
	GlobalSection(SolutionConfigurationPlatforms) = preSolution
		Debug|Any CPU = Debug|Any CPU
		Debug|x64 = Debug|x64
		Debug|x86 = Debug|x86
		Release|Any CPU = Release|Any CPU
		Release|x64 = Release|x64
		Release|x86 = Release|x86
	EndGlobalSection
	GlobalSection(ProjectConfigurationPlatforms) = postSolution
		{4D5CF052-F4B3-5628-E27A-0D7091C21E53}.Debug|Any CPU.ActiveCfg = Debug|Any CPU
		{4D5CF052-F4B3-5628-E27A-0D7091C21E53}.Debug|Any CPU.Build.0 = Debug|Any CPU
		{4D5CF052-F4B3-5628-E27A-0D7091C21E53}.Debug|x64.ActiveCfg = Debug|Any CPU
		{4D5CF052-F4B3-5628-E27A-0D7091C21E53}.Debug|x64.Build.0 = Debug|Any CPU
		{4D5CF052-F4B3-5628-E27A-0D7091C21E53}.Debug|x86.ActiveCfg = Debug|Any CPU
		{4D5CF052-F4B3-5628-E27A-0D7091C21E53}.Debug|x86.Build.0 = Debug|Any CPU
		{4D5CF052-F4B3-5628-E27A-0D7091C21E53}.Release|Any CPU.ActiveCfg = Release|Any CPU
		{4D5CF052-F4B3-5628-E27A-0D7091C21E53}.Release|Any CPU.Build.0 = Release|Any CPU
		{4D5CF052-F4B3-5628-E27A-0D7091C21E53}.Release|x64.ActiveCfg = Release|Any CPU
		{4D5CF052-F4B3-5628-E27A-0D7091C21E53}.Release|x64.Build.0 = Release|Any CPU
		{4D5CF052-F4B3-5628-E27A-0D7091C21E53}.Release|x86.ActiveCfg = Release|Any CPU
		{4D5CF052-F4B3-5628-E27A-0D7091C21E53}.Release|x86.Build.0 = Release|Any CPU
		{6D5D1A07-AB27-4035-BA9D-E0C85C37BA5D}.Debug|Any CPU.ActiveCfg = Debug|Any CPU
		{6D5D1A07-AB27-4035-BA9D-E0C85C37BA5D}.Debug|Any CPU.Build.0 = Debug|Any CPU
		{6D5D1A07-AB27-4035-BA9D-E0C85C37BA5D}.Debug|x64.ActiveCfg = Debug|Any CPU
		{6D5D1A07-AB27-4035-BA9D-E0C85C37BA5D}.Debug|x64.Build.0 = Debug|Any CPU
		{6D5D1A07-AB27-4035-BA9D-E0C85C37BA5D}.Debug|x86.ActiveCfg = Debug|Any CPU
		{6D5D1A07-AB27-4035-BA9D-E0C85C37BA5D}.Debug|x86.Build.0 = Debug|Any CPU
		{6D5D1A07-AB27-4035-BA9D-E0C85C37BA5D}.Release|Any CPU.ActiveCfg = Release|Any CPU
		{6D5D1A07-AB27-4035-BA9D-E0C85C37BA5D}.Release|Any CPU.Build.0 = Release|Any CPU
		{6D5D1A07-AB27-4035-BA9D-E0C85C37BA5D}.Release|x64.ActiveCfg = Release|Any CPU
		{6D5D1A07-AB27-4035-BA9D-E0C85C37BA5D}.Release|x64.Build.0 = Release|Any CPU
		{6D5D1A07-AB27-4035-BA9D-E0C85C37BA5D}.Release|x86.ActiveCfg = Release|Any CPU
		{6D5D1A07-AB27-4035-BA9D-E0C85C37BA5D}.Release|x86.Build.0 = Release|Any CPU
		{567C4265-FCF7-ACF2-27D2-888B2D12D003}.Debug|Any CPU.ActiveCfg = Debug|Any CPU
		{567C4265-FCF7-ACF2-27D2-888B2D12D003}.Debug|Any CPU.Build.0 = Debug|Any CPU
		{567C4265-FCF7-ACF2-27D2-888B2D12D003}.Debug|x64.ActiveCfg = Debug|Any CPU
		{567C4265-FCF7-ACF2-27D2-888B2D12D003}.Debug|x64.Build.0 = Debug|Any CPU
		{567C4265-FCF7-ACF2-27D2-888B2D12D003}.Debug|x86.ActiveCfg = Debug|Any CPU
		{567C4265-FCF7-ACF2-27D2-888B2D12D003}.Debug|x86.Build.0 = Debug|Any CPU
		{567C4265-FCF7-ACF2-27D2-888B2D12D003}.Release|Any CPU.ActiveCfg = Release|Any CPU
		{567C4265-FCF7-ACF2-27D2-888B2D12D003}.Release|Any CPU.Build.0 = Release|Any CPU
		{567C4265-FCF7-ACF2-27D2-888B2D12D003}.Release|x64.ActiveCfg = Release|Any CPU
		{567C4265-FCF7-ACF2-27D2-888B2D12D003}.Release|x64.Build.0 = Release|Any CPU
		{567C4265-FCF7-ACF2-27D2-888B2D12D003}.Release|x86.ActiveCfg = Release|Any CPU
		{567C4265-FCF7-ACF2-27D2-888B2D12D003}.Release|x86.Build.0 = Release|Any CPU
		{41BC6709-E335-1DE5-BACD-0DF58B4242B8}.Debug|Any CPU.ActiveCfg = Debug|Any CPU
		{41BC6709-E335-1DE5-BACD-0DF58B4242B8}.Debug|Any CPU.Build.0 = Debug|Any CPU
		{41BC6709-E335-1DE5-BACD-0DF58B4242B8}.Debug|x64.ActiveCfg = Debug|Any CPU
		{41BC6709-E335-1DE5-BACD-0DF58B4242B8}.Debug|x64.Build.0 = Debug|Any CPU
		{41BC6709-E335-1DE5-BACD-0DF58B4242B8}.Debug|x86.ActiveCfg = Debug|Any CPU
		{41BC6709-E335-1DE5-BACD-0DF58B4242B8}.Debug|x86.Build.0 = Debug|Any CPU
		{41BC6709-E335-1DE5-BACD-0DF58B4242B8}.Release|Any CPU.ActiveCfg = Release|Any CPU
		{41BC6709-E335-1DE5-BACD-0DF58B4242B8}.Release|Any CPU.Build.0 = Release|Any CPU
		{41BC6709-E335-1DE5-BACD-0DF58B4242B8}.Release|x64.ActiveCfg = Release|Any CPU
		{41BC6709-E335-1DE5-BACD-0DF58B4242B8}.Release|x64.Build.0 = Release|Any CPU
		{41BC6709-E335-1DE5-BACD-0DF58B4242B8}.Release|x86.ActiveCfg = Release|Any CPU
		{41BC6709-E335-1DE5-BACD-0DF58B4242B8}.Release|x86.Build.0 = Release|Any CPU
		{80D24139-3CCF-FD47-F027-D1DEF5DC42FA}.Debug|Any CPU.ActiveCfg = Debug|Any CPU
		{80D24139-3CCF-FD47-F027-D1DEF5DC42FA}.Debug|Any CPU.Build.0 = Debug|Any CPU
		{80D24139-3CCF-FD47-F027-D1DEF5DC42FA}.Debug|x64.ActiveCfg = Debug|Any CPU
		{80D24139-3CCF-FD47-F027-D1DEF5DC42FA}.Debug|x64.Build.0 = Debug|Any CPU
		{80D24139-3CCF-FD47-F027-D1DEF5DC42FA}.Debug|x86.ActiveCfg = Debug|Any CPU
		{80D24139-3CCF-FD47-F027-D1DEF5DC42FA}.Debug|x86.Build.0 = Debug|Any CPU
		{80D24139-3CCF-FD47-F027-D1DEF5DC42FA}.Release|Any CPU.ActiveCfg = Release|Any CPU
		{80D24139-3CCF-FD47-F027-D1DEF5DC42FA}.Release|Any CPU.Build.0 = Release|Any CPU
		{80D24139-3CCF-FD47-F027-D1DEF5DC42FA}.Release|x64.ActiveCfg = Release|Any CPU
		{80D24139-3CCF-FD47-F027-D1DEF5DC42FA}.Release|x64.Build.0 = Release|Any CPU
		{80D24139-3CCF-FD47-F027-D1DEF5DC42FA}.Release|x86.ActiveCfg = Release|Any CPU
		{80D24139-3CCF-FD47-F027-D1DEF5DC42FA}.Release|x86.Build.0 = Release|Any CPU
		{08FAB2FA-17D6-3854-C254-16FA962A7B79}.Debug|Any CPU.ActiveCfg = Debug|Any CPU
		{08FAB2FA-17D6-3854-C254-16FA962A7B79}.Debug|Any CPU.Build.0 = Debug|Any CPU
		{08FAB2FA-17D6-3854-C254-16FA962A7B79}.Debug|x64.ActiveCfg = Debug|Any CPU
		{08FAB2FA-17D6-3854-C254-16FA962A7B79}.Debug|x64.Build.0 = Debug|Any CPU
		{08FAB2FA-17D6-3854-C254-16FA962A7B79}.Debug|x86.ActiveCfg = Debug|Any CPU
		{08FAB2FA-17D6-3854-C254-16FA962A7B79}.Debug|x86.Build.0 = Debug|Any CPU
		{08FAB2FA-17D6-3854-C254-16FA962A7B79}.Release|Any CPU.ActiveCfg = Release|Any CPU
		{08FAB2FA-17D6-3854-C254-16FA962A7B79}.Release|Any CPU.Build.0 = Release|Any CPU
		{08FAB2FA-17D6-3854-C254-16FA962A7B79}.Release|x64.ActiveCfg = Release|Any CPU
		{08FAB2FA-17D6-3854-C254-16FA962A7B79}.Release|x64.Build.0 = Release|Any CPU
		{08FAB2FA-17D6-3854-C254-16FA962A7B79}.Release|x86.ActiveCfg = Release|Any CPU
		{08FAB2FA-17D6-3854-C254-16FA962A7B79}.Release|x86.Build.0 = Release|Any CPU
		{7D7E8A54-629F-F39A-A200-6489D7FEFF7C}.Debug|Any CPU.ActiveCfg = Debug|Any CPU
		{7D7E8A54-629F-F39A-A200-6489D7FEFF7C}.Debug|Any CPU.Build.0 = Debug|Any CPU
		{7D7E8A54-629F-F39A-A200-6489D7FEFF7C}.Debug|x64.ActiveCfg = Debug|Any CPU
		{7D7E8A54-629F-F39A-A200-6489D7FEFF7C}.Debug|x64.Build.0 = Debug|Any CPU
		{7D7E8A54-629F-F39A-A200-6489D7FEFF7C}.Debug|x86.ActiveCfg = Debug|Any CPU
		{7D7E8A54-629F-F39A-A200-6489D7FEFF7C}.Debug|x86.Build.0 = Debug|Any CPU
		{7D7E8A54-629F-F39A-A200-6489D7FEFF7C}.Release|Any CPU.ActiveCfg = Release|Any CPU
		{7D7E8A54-629F-F39A-A200-6489D7FEFF7C}.Release|Any CPU.Build.0 = Release|Any CPU
		{7D7E8A54-629F-F39A-A200-6489D7FEFF7C}.Release|x64.ActiveCfg = Release|Any CPU
		{7D7E8A54-629F-F39A-A200-6489D7FEFF7C}.Release|x64.Build.0 = Release|Any CPU
		{7D7E8A54-629F-F39A-A200-6489D7FEFF7C}.Release|x86.ActiveCfg = Release|Any CPU
		{7D7E8A54-629F-F39A-A200-6489D7FEFF7C}.Release|x86.Build.0 = Release|Any CPU
		{21255447-BAA7-438F-A99E-B2AC75436D9A}.Debug|Any CPU.ActiveCfg = Debug|Any CPU
		{21255447-BAA7-438F-A99E-B2AC75436D9A}.Debug|Any CPU.Build.0 = Debug|Any CPU
		{21255447-BAA7-438F-A99E-B2AC75436D9A}.Debug|x64.ActiveCfg = Debug|Any CPU
		{21255447-BAA7-438F-A99E-B2AC75436D9A}.Debug|x64.Build.0 = Debug|Any CPU
		{21255447-BAA7-438F-A99E-B2AC75436D9A}.Debug|x86.ActiveCfg = Debug|Any CPU
		{21255447-BAA7-438F-A99E-B2AC75436D9A}.Debug|x86.Build.0 = Debug|Any CPU
		{21255447-BAA7-438F-A99E-B2AC75436D9A}.Release|Any CPU.ActiveCfg = Release|Any CPU
		{21255447-BAA7-438F-A99E-B2AC75436D9A}.Release|Any CPU.Build.0 = Release|Any CPU
		{21255447-BAA7-438F-A99E-B2AC75436D9A}.Release|x64.ActiveCfg = Release|Any CPU
		{21255447-BAA7-438F-A99E-B2AC75436D9A}.Release|x64.Build.0 = Release|Any CPU
		{21255447-BAA7-438F-A99E-B2AC75436D9A}.Release|x86.ActiveCfg = Release|Any CPU
		{21255447-BAA7-438F-A99E-B2AC75436D9A}.Release|x86.Build.0 = Release|Any CPU
		{1656B6E8-050A-4A26-BC27-B011EF0E3A8D}.Debug|Any CPU.ActiveCfg = Debug|Any CPU
		{1656B6E8-050A-4A26-BC27-B011EF0E3A8D}.Debug|Any CPU.Build.0 = Debug|Any CPU
		{1656B6E8-050A-4A26-BC27-B011EF0E3A8D}.Debug|x64.ActiveCfg = Debug|Any CPU
		{1656B6E8-050A-4A26-BC27-B011EF0E3A8D}.Debug|x64.Build.0 = Debug|Any CPU
		{1656B6E8-050A-4A26-BC27-B011EF0E3A8D}.Debug|x86.ActiveCfg = Debug|Any CPU
		{1656B6E8-050A-4A26-BC27-B011EF0E3A8D}.Debug|x86.Build.0 = Debug|Any CPU
		{1656B6E8-050A-4A26-BC27-B011EF0E3A8D}.Release|Any CPU.ActiveCfg = Release|Any CPU
		{1656B6E8-050A-4A26-BC27-B011EF0E3A8D}.Release|Any CPU.Build.0 = Release|Any CPU
		{1656B6E8-050A-4A26-BC27-B011EF0E3A8D}.Release|x64.ActiveCfg = Release|Any CPU
		{1656B6E8-050A-4A26-BC27-B011EF0E3A8D}.Release|x64.Build.0 = Release|Any CPU
		{1656B6E8-050A-4A26-BC27-B011EF0E3A8D}.Release|x86.ActiveCfg = Release|Any CPU
		{1656B6E8-050A-4A26-BC27-B011EF0E3A8D}.Release|x86.Build.0 = Release|Any CPU
	EndGlobalSection
	GlobalSection(SolutionProperties) = preSolution
		HideSolutionNode = FALSE
	EndGlobalSection
	GlobalSection(ExtensibilityGlobals) = postSolution
		SolutionGuid = {7348D2DC-E033-4C42-BFC3-734A1A433956}
	EndGlobalSection
EndGlobal
