
Microsoft Visual Studio Solution File, Format Version 12.00
# Visual Studio Version 17
VisualStudioVersion = 17.14.36310.24
MinimumVisualStudioVersion = 10.0.40219.1
Project("{FAE04EC0-301F-11D3-BF4B-00C04F79EFBC}") = "ETLDemoGateway", "ETLDemo\ETLDemoGateway.csproj", "{1F833F6F-8428-4AC0-9BE7-AD8DA8D44497}"
EndProject
Project("{FAE04EC0-301F-11D3-BF4B-00C04F79EFBC}") = "ETLDemoConsumer", "ETLDemoConsumer\ETLDemoConsumer.csproj", "{6CC516B6-35AD-5B09-B8E3-7F6863AE0DD1}"
EndProject
Project("{FAE04EC0-301F-11D3-BF4B-00C04F79EFBC}") = "PayngoScraper", "PayngoScraper\PayngoScraper.csproj", "{4D5CF052-F4B3-5628-E27A-0D7091C21E53}"
EndProject
Project("{FAE04EC0-301F-11D3-BF4B-00C04F79EFBC}") = "StealthWebScraper", "StealthWebScraper\StealthWebScraper.csproj", "{6D5D1A07-AB27-4035-BA9D-E0C85C37BA5D}"
EndProject
Global
	GlobalSection(SolutionConfigurationPlatforms) = preSolution
		Debug|Any CPU = Debug|Any CPU
		Release|Any CPU = Release|Any CPU
	EndGlobalSection
	GlobalSection(ProjectConfigurationPlatforms) = postSolution
		{1F833F6F-8428-4AC0-9BE7-AD8DA8D44497}.Debug|Any CPU.ActiveCfg = Debug|Any CPU
		{1F833F6F-8428-4AC0-9BE7-AD8DA8D44497}.Debug|Any CPU.Build.0 = Debug|Any CPU
		{1F833F6F-8428-4AC0-9BE7-AD8DA8D44497}.Release|Any CPU.ActiveCfg = Release|Any CPU
		{1F833F6F-8428-4AC0-9BE7-AD8DA8D44497}.Release|Any CPU.Build.0 = Release|Any CPU
		{6CC516B6-35AD-5B09-B8E3-7F6863AE0DD1}.Debug|Any CPU.ActiveCfg = Debug|Any CPU
		{6CC516B6-35AD-5B09-B8E3-7F6863AE0DD1}.Debug|Any CPU.Build.0 = Debug|Any CPU
		{6CC516B6-35AD-5B09-B8E3-7F6863AE0DD1}.Release|Any CPU.ActiveCfg = Release|Any CPU
		{6CC516B6-35AD-5B09-B8E3-7F6863AE0DD1}.Release|Any CPU.Build.0 = Release|Any CPU
		{4D5CF052-F4B3-5628-E27A-0D7091C21E53}.Debug|Any CPU.ActiveCfg = Debug|Any CPU
		{4D5CF052-F4B3-5628-E27A-0D7091C21E53}.Debug|Any CPU.Build.0 = Debug|Any CPU
		{4D5CF052-F4B3-5628-E27A-0D7091C21E53}.Release|Any CPU.ActiveCfg = Release|Any CPU
		{4D5CF052-F4B3-5628-E27A-0D7091C21E53}.Release|Any CPU.Build.0 = Release|Any CPU
		{6D5D1A07-AB27-4035-BA9D-E0C85C37BA5D}.Debug|Any CPU.ActiveCfg = Debug|Any CPU
		{6D5D1A07-AB27-4035-BA9D-E0C85C37BA5D}.Debug|Any CPU.Build.0 = Debug|Any CPU
		{6D5D1A07-AB27-4035-BA9D-E0C85C37BA5D}.Release|Any CPU.ActiveCfg = Release|Any CPU
		{6D5D1A07-AB27-4035-BA9D-E0C85C37BA5D}.Release|Any CPU.Build.0 = Release|Any CPU
	EndGlobalSection
	GlobalSection(SolutionProperties) = preSolution
		HideSolutionNode = FALSE
	EndGlobalSection
	GlobalSection(ExtensibilityGlobals) = postSolution
		SolutionGuid = {7348D2DC-E033-4C42-BFC3-734A1A433956}
	EndGlobalSection
EndGlobal
